// !$*UTF8*$!
{
	archiveVersion = 1;
	classes = {
	};
	objectVersion = 46;
	objects = {

/* Begin PBXBuildFile section */
		503D8D929AFD24059E7A74D3 /* Pods_TapMeUITests.framework in Frameworks */ = {isa = PBXBuildFile; fileRef = 394A5E5572BCBA5313F3A2D8 /* Pods_TapMeUITests.framework */; };
		52247C2B90E137F7B44DC454 /* Pods_TapMeTests.framework in Frameworks */ = {isa = PBXBuildFile; fileRef = C885FB6C41B9A49509880C08 /* Pods_TapMeTests.framework */; };
		7BB717071E514938009D2EF8 /* AppDelegate.swift in Sources */ = {isa = PBXBuildFile; fileRef = 7BB717061E514938009D2EF8 /* AppDelegate.swift */; };
		7BB717091E514938009D2EF8 /* ViewController.swift in Sources */ = {isa = PBXBuildFile; fileRef = 7BB717081E514938009D2EF8 /* ViewController.swift */; };
		7BB7170C1E514938009D2EF8 /* Main.storyboard in Resources */ = {isa = PBXBuildFile; fileRef = 7BB7170A1E514938009D2EF8 /* Main.storyboard */; };
		7BB7170E1E514938009D2EF8 /* Assets.xcassets in Resources */ = {isa = PBXBuildFile; fileRef = 7BB7170D1E514938009D2EF8 /* Assets.xcassets */; };
		7BB717111E514938009D2EF8 /* LaunchScreen.storyboard in Resources */ = {isa = PBXBuildFile; fileRef = 7BB7170F1E514938009D2EF8 /* LaunchScreen.storyboard */; };
		7BB7171C1E514938009D2EF8 /* TapMeTests.swift in Sources */ = {isa = PBXBuildFile; fileRef = 7BB7171B1E514938009D2EF8 /* TapMeTests.swift */; };
		7BB717271E514938009D2EF8 /* TapMeUITests.swift in Sources */ = {isa = PBXBuildFile; fileRef = 7BB717261E514938009D2EF8 /* TapMeUITests.swift */; };
		7BFB3CEE1E5A3519006A7C1F /* LoginViewController.swift in Sources */ = {isa = PBXBuildFile; fileRef = 7BFB3CED1E5A3519006A7C1F /* LoginViewController.swift */; };
		7BFB3CF01E5A3B56006A7C1F /* UIImage+Gif.swift in Sources */ = {isa = PBXBuildFile; fileRef = 7BFB3CEF1E5A3B56006A7C1F /* UIImage+Gif.swift */; };
		7BFB3CF71E5A3F6C006A7C1F /* colorBlend.gif in Resources */ = {isa = PBXBuildFile; fileRef = 7BFB3CF21E5A3F6C006A7C1F /* colorBlend.gif */; };
		7BFB3CF81E5A3F6C006A7C1F /* colorSpin.gif in Resources */ = {isa = PBXBuildFile; fileRef = 7BFB3CF31E5A3F6C006A7C1F /* colorSpin.gif */; };
		7BFB3CFA1E5A3F6C006A7C1F /* spinCycle.gif in Resources */ = {isa = PBXBuildFile; fileRef = 7BFB3CF51E5A3F6C006A7C1F /* spinCycle.gif */; };
		7BFB3CFD1E5A4102006A7C1F /* fire.gif in Resources */ = {isa = PBXBuildFile; fileRef = 7BFB3CFC1E5A4102006A7C1F /* fire.gif */; };
		7BFB3CFF1E5A5C85006A7C1F /* GoogleService-Info.plist in Resources */ = {isa = PBXBuildFile; fileRef = 7BFB3CFE1E5A5C85006A7C1F /* GoogleService-Info.plist */; };
		7BFB3D001E5A5C85006A7C1F /* GoogleService-Info.plist in Resources */ = {isa = PBXBuildFile; fileRef = 7BFB3CFE1E5A5C85006A7C1F /* GoogleService-Info.plist */; };
		7BFB3D011E5A5C85006A7C1F /* GoogleService-Info.plist in Resources */ = {isa = PBXBuildFile; fileRef = 7BFB3CFE1E5A5C85006A7C1F /* GoogleService-Info.plist */; };
		EC2E5DE4152F5360334BB39C /* Pods_TapMe.framework in Frameworks */ = {isa = PBXBuildFile; fileRef = 8A1F78224F35ADE6583ACB70 /* Pods_TapMe.framework */; };
/* End PBXBuildFile section */

/* Begin PBXContainerItemProxy section */
		7BB717181E514938009D2EF8 /* PBXContainerItemProxy */ = {
			isa = PBXContainerItemProxy;
			containerPortal = 7BB716FB1E514938009D2EF8 /* Project object */;
			proxyType = 1;
			remoteGlobalIDString = 7BB717021E514938009D2EF8;
			remoteInfo = TapMe;
		};
		7BB717231E514938009D2EF8 /* PBXContainerItemProxy */ = {
			isa = PBXContainerItemProxy;
			containerPortal = 7BB716FB1E514938009D2EF8 /* Project object */;
			proxyType = 1;
			remoteGlobalIDString = 7BB717021E514938009D2EF8;
			remoteInfo = TapMe;
		};
/* End PBXContainerItemProxy section */

/* Begin PBXFileReference section */
		394A5E5572BCBA5313F3A2D8 /* Pods_TapMeUITests.framework */ = {isa = PBXFileReference; explicitFileType = wrapper.framework; includeInIndex = 0; path = Pods_TapMeUITests.framework; sourceTree = BUILT_PRODUCTS_DIR; };
		5A8966ADAB58DC23E272D566 /* Pods-TapMeUITests.release.xcconfig */ = {isa = PBXFileReference; includeInIndex = 1; lastKnownFileType = text.xcconfig; name = "Pods-TapMeUITests.release.xcconfig"; path = "Pods/Target Support Files/Pods-TapMeUITests/Pods-TapMeUITests.release.xcconfig"; sourceTree = "<group>"; };
		7BB717031E514938009D2EF8 /* TapMe.app */ = {isa = PBXFileReference; explicitFileType = wrapper.application; includeInIndex = 0; path = TapMe.app; sourceTree = BUILT_PRODUCTS_DIR; };
		7BB717061E514938009D2EF8 /* AppDelegate.swift */ = {isa = PBXFileReference; lastKnownFileType = sourcecode.swift; path = AppDelegate.swift; sourceTree = "<group>"; };
		7BB717081E514938009D2EF8 /* ViewController.swift */ = {isa = PBXFileReference; lastKnownFileType = sourcecode.swift; path = ViewController.swift; sourceTree = "<group>"; };
		7BB7170B1E514938009D2EF8 /* Base */ = {isa = PBXFileReference; lastKnownFileType = file.storyboard; name = Base; path = Base.lproj/Main.storyboard; sourceTree = "<group>"; };
		7BB7170D1E514938009D2EF8 /* Assets.xcassets */ = {isa = PBXFileReference; lastKnownFileType = folder.assetcatalog; path = Assets.xcassets; sourceTree = "<group>"; };
		7BB717101E514938009D2EF8 /* Base */ = {isa = PBXFileReference; lastKnownFileType = file.storyboard; name = Base; path = Base.lproj/LaunchScreen.storyboard; sourceTree = "<group>"; };
		7BB717121E514938009D2EF8 /* Info.plist */ = {isa = PBXFileReference; lastKnownFileType = text.plist.xml; path = Info.plist; sourceTree = "<group>"; };
		7BB717171E514938009D2EF8 /* TapMeTests.xctest */ = {isa = PBXFileReference; explicitFileType = wrapper.cfbundle; includeInIndex = 0; path = TapMeTests.xctest; sourceTree = BUILT_PRODUCTS_DIR; };
		7BB7171B1E514938009D2EF8 /* TapMeTests.swift */ = {isa = PBXFileReference; lastKnownFileType = sourcecode.swift; path = TapMeTests.swift; sourceTree = "<group>"; };
		7BB7171D1E514938009D2EF8 /* Info.plist */ = {isa = PBXFileReference; lastKnownFileType = text.plist.xml; path = Info.plist; sourceTree = "<group>"; };
		7BB717221E514938009D2EF8 /* TapMeUITests.xctest */ = {isa = PBXFileReference; explicitFileType = wrapper.cfbundle; includeInIndex = 0; path = TapMeUITests.xctest; sourceTree = BUILT_PRODUCTS_DIR; };
		7BB717261E514938009D2EF8 /* TapMeUITests.swift */ = {isa = PBXFileReference; lastKnownFileType = sourcecode.swift; path = TapMeUITests.swift; sourceTree = "<group>"; };
		7BB717281E514938009D2EF8 /* Info.plist */ = {isa = PBXFileReference; lastKnownFileType = text.plist.xml; path = Info.plist; sourceTree = "<group>"; };
		7BFB3CED1E5A3519006A7C1F /* LoginViewController.swift */ = {isa = PBXFileReference; fileEncoding = 4; lastKnownFileType = sourcecode.swift; path = LoginViewController.swift; sourceTree = "<group>"; };
		7BFB3CEF1E5A3B56006A7C1F /* UIImage+Gif.swift */ = {isa = PBXFileReference; fileEncoding = 4; lastKnownFileType = sourcecode.swift; name = "UIImage+Gif.swift"; path = "../../../../Roast/Roast/UIImage+Gif.swift"; sourceTree = "<group>"; };
		7BFB3CF21E5A3F6C006A7C1F /* colorBlend.gif */ = {isa = PBXFileReference; lastKnownFileType = image.gif; name = colorBlend.gif; path = ../../../../../../Photos/Gifs/colorBlend.gif; sourceTree = "<group>"; };
		7BFB3CF31E5A3F6C006A7C1F /* colorSpin.gif */ = {isa = PBXFileReference; lastKnownFileType = image.gif; name = colorSpin.gif; path = ../../../../../../Photos/Gifs/colorSpin.gif; sourceTree = "<group>"; };
		7BFB3CF51E5A3F6C006A7C1F /* spinCycle.gif */ = {isa = PBXFileReference; lastKnownFileType = image.gif; name = spinCycle.gif; path = ../../../../../../Photos/Gifs/spinCycle.gif; sourceTree = "<group>"; };
		7BFB3CFC1E5A4102006A7C1F /* fire.gif */ = {isa = PBXFileReference; lastKnownFileType = image.gif; name = fire.gif; path = ../../../../../../Photos/Gifs/fire.gif; sourceTree = "<group>"; };
		7BFB3CFE1E5A5C85006A7C1F /* GoogleService-Info.plist */ = {isa = PBXFileReference; fileEncoding = 4; lastKnownFileType = text.plist.xml; path = "GoogleService-Info.plist"; sourceTree = "<group>"; };
		8A1F78224F35ADE6583ACB70 /* Pods_TapMe.framework */ = {isa = PBXFileReference; explicitFileType = wrapper.framework; includeInIndex = 0; path = Pods_TapMe.framework; sourceTree = BUILT_PRODUCTS_DIR; };
		C667C68F2DB95C07ADAD0CE6 /* Pods-TapMeTests.debug.xcconfig */ = {isa = PBXFileReference; includeInIndex = 1; lastKnownFileType = text.xcconfig; name = "Pods-TapMeTests.debug.xcconfig"; path = "Pods/Target Support Files/Pods-TapMeTests/Pods-TapMeTests.debug.xcconfig"; sourceTree = "<group>"; };
		C885FB6C41B9A49509880C08 /* Pods_TapMeTests.framework */ = {isa = PBXFileReference; explicitFileType = wrapper.framework; includeInIndex = 0; path = Pods_TapMeTests.framework; sourceTree = BUILT_PRODUCTS_DIR; };
		CF503794485CD6F3036A6C9E /* Pods-TapMeTests.release.xcconfig */ = {isa = PBXFileReference; includeInIndex = 1; lastKnownFileType = text.xcconfig; name = "Pods-TapMeTests.release.xcconfig"; path = "Pods/Target Support Files/Pods-TapMeTests/Pods-TapMeTests.release.xcconfig"; sourceTree = "<group>"; };
		E18F367650EE1575B7944167 /* Pods-TapMe.debug.xcconfig */ = {isa = PBXFileReference; includeInIndex = 1; lastKnownFileType = text.xcconfig; name = "Pods-TapMe.debug.xcconfig"; path = "Pods/Target Support Files/Pods-TapMe/Pods-TapMe.debug.xcconfig"; sourceTree = "<group>"; };
		EC8849986630930E5CEA06EE /* Pods-TapMe.release.xcconfig */ = {isa = PBXFileReference; includeInIndex = 1; lastKnownFileType = text.xcconfig; name = "Pods-TapMe.release.xcconfig"; path = "Pods/Target Support Files/Pods-TapMe/Pods-TapMe.release.xcconfig"; sourceTree = "<group>"; };
		F1A8DF0AE2282161E4586677 /* Pods-TapMeUITests.debug.xcconfig */ = {isa = PBXFileReference; includeInIndex = 1; lastKnownFileType = text.xcconfig; name = "Pods-TapMeUITests.debug.xcconfig"; path = "Pods/Target Support Files/Pods-TapMeUITests/Pods-TapMeUITests.debug.xcconfig"; sourceTree = "<group>"; };
/* End PBXFileReference section */

/* Begin PBXFrameworksBuildPhase section */
		7BB717001E514938009D2EF8 /* Frameworks */ = {
			isa = PBXFrameworksBuildPhase;
			buildActionMask = 2147483647;
			files = (
				EC2E5DE4152F5360334BB39C /* Pods_TapMe.framework in Frameworks */,
			);
			runOnlyForDeploymentPostprocessing = 0;
		};
		7BB717141E514938009D2EF8 /* Frameworks */ = {
			isa = PBXFrameworksBuildPhase;
			buildActionMask = 2147483647;
			files = (
				52247C2B90E137F7B44DC454 /* Pods_TapMeTests.framework in Frameworks */,
			);
			runOnlyForDeploymentPostprocessing = 0;
		};
		7BB7171F1E514938009D2EF8 /* Frameworks */ = {
			isa = PBXFrameworksBuildPhase;
			buildActionMask = 2147483647;
			files = (
				503D8D929AFD24059E7A74D3 /* Pods_TapMeUITests.framework in Frameworks */,
			);
			runOnlyForDeploymentPostprocessing = 0;
		};
/* End PBXFrameworksBuildPhase section */

/* Begin PBXGroup section */
		7BB716FA1E514938009D2EF8 = {
			isa = PBXGroup;
			children = (
				7BB717051E514938009D2EF8 /* TapMe */,
				7BB7171A1E514938009D2EF8 /* TapMeTests */,
				7BB717251E514938009D2EF8 /* TapMeUITests */,
				7BB717041E514938009D2EF8 /* Products */,
				98F6BF3904A9B6FA00CED45D /* Pods */,
				902ABE269E2098864458C2DB /* Frameworks */,
			);
			sourceTree = "<group>";
		};
		7BB717041E514938009D2EF8 /* Products */ = {
			isa = PBXGroup;
			children = (
				7BB717031E514938009D2EF8 /* TapMe.app */,
				7BB717171E514938009D2EF8 /* TapMeTests.xctest */,
				7BB717221E514938009D2EF8 /* TapMeUITests.xctest */,
			);
			name = Products;
			sourceTree = "<group>";
		};
		7BB717051E514938009D2EF8 /* TapMe */ = {
			isa = PBXGroup;
			children = (
				7BB717061E514938009D2EF8 /* AppDelegate.swift */,
				7BB717081E514938009D2EF8 /* ViewController.swift */,
				7BFB3CED1E5A3519006A7C1F /* LoginViewController.swift */,
				7BFB3CEF1E5A3B56006A7C1F /* UIImage+Gif.swift */,
				7BB7170A1E514938009D2EF8 /* Main.storyboard */,
				7BB7170D1E514938009D2EF8 /* Assets.xcassets */,
				7BB7170F1E514938009D2EF8 /* LaunchScreen.storyboard */,
				7BB717121E514938009D2EF8 /* Info.plist */,
				7BFB3CFE1E5A5C85006A7C1F /* GoogleService-Info.plist */,
				7BFB3CF11E5A3F48006A7C1F /* gif */,
			);
			path = TapMe;
			sourceTree = "<group>";
		};
		7BB7171A1E514938009D2EF8 /* TapMeTests */ = {
			isa = PBXGroup;
			children = (
				7BB7171B1E514938009D2EF8 /* TapMeTests.swift */,
				7BB7171D1E514938009D2EF8 /* Info.plist */,
			);
			path = TapMeTests;
			sourceTree = "<group>";
		};
		7BB717251E514938009D2EF8 /* TapMeUITests */ = {
			isa = PBXGroup;
			children = (
				7BB717261E514938009D2EF8 /* TapMeUITests.swift */,
				7BB717281E514938009D2EF8 /* Info.plist */,
			);
			path = TapMeUITests;
			sourceTree = "<group>";
		};
		7BFB3CF11E5A3F48006A7C1F /* gif */ = {
			isa = PBXGroup;
			children = (
				7BFB3CFC1E5A4102006A7C1F /* fire.gif */,
				7BFB3CF21E5A3F6C006A7C1F /* colorBlend.gif */,
				7BFB3CF31E5A3F6C006A7C1F /* colorSpin.gif */,
				7BFB3CF51E5A3F6C006A7C1F /* spinCycle.gif */,
			);
			name = gif;
			sourceTree = "<group>";
		};
		902ABE269E2098864458C2DB /* Frameworks */ = {
			isa = PBXGroup;
			children = (
				8A1F78224F35ADE6583ACB70 /* Pods_TapMe.framework */,
				C885FB6C41B9A49509880C08 /* Pods_TapMeTests.framework */,
				394A5E5572BCBA5313F3A2D8 /* Pods_TapMeUITests.framework */,
			);
			name = Frameworks;
			sourceTree = "<group>";
		};
		98F6BF3904A9B6FA00CED45D /* Pods */ = {
			isa = PBXGroup;
			children = (
				E18F367650EE1575B7944167 /* Pods-TapMe.debug.xcconfig */,
				EC8849986630930E5CEA06EE /* Pods-TapMe.release.xcconfig */,
				C667C68F2DB95C07ADAD0CE6 /* Pods-TapMeTests.debug.xcconfig */,
				CF503794485CD6F3036A6C9E /* Pods-TapMeTests.release.xcconfig */,
				F1A8DF0AE2282161E4586677 /* Pods-TapMeUITests.debug.xcconfig */,
				5A8966ADAB58DC23E272D566 /* Pods-TapMeUITests.release.xcconfig */,
			);
			name = Pods;
			sourceTree = "<group>";
		};
/* End PBXGroup section */

/* Begin PBXNativeTarget section */
		7BB717021E514938009D2EF8 /* TapMe */ = {
			isa = PBXNativeTarget;
			buildConfigurationList = 7BB7172B1E514938009D2EF8 /* Build configuration list for PBXNativeTarget "TapMe" */;
			buildPhases = (
				1E68709AA32A26D008D7D370 /* [CP] Check Pods Manifest.lock */,
				7BB716FF1E514938009D2EF8 /* Sources */,
				7BB717001E514938009D2EF8 /* Frameworks */,
				7BB717011E514938009D2EF8 /* Resources */,
				BEA0CED9E910CAD5F76B4FB9 /* [CP] Embed Pods Frameworks */,
				82495858E40FA550F4D4DDF1 /* [CP] Copy Pods Resources */,
			);
			buildRules = (
			);
			dependencies = (
			);
			name = TapMe;
			productName = TapMe;
			productReference = 7BB717031E514938009D2EF8 /* TapMe.app */;
			productType = "com.apple.product-type.application";
		};
		7BB717161E514938009D2EF8 /* TapMeTests */ = {
			isa = PBXNativeTarget;
			buildConfigurationList = 7BB7172E1E514938009D2EF8 /* Build configuration list for PBXNativeTarget "TapMeTests" */;
			buildPhases = (
				A2B3C925325CF7E4153E32DC /* [CP] Check Pods Manifest.lock */,
				7BB717131E514938009D2EF8 /* Sources */,
				7BB717141E514938009D2EF8 /* Frameworks */,
				7BB717151E514938009D2EF8 /* Resources */,
				7EB0612D383CB366766B034A /* [CP] Embed Pods Frameworks */,
				95ED640F1C412C099FADA0AD /* [CP] Copy Pods Resources */,
			);
			buildRules = (
			);
			dependencies = (
				7BB717191E514938009D2EF8 /* PBXTargetDependency */,
			);
			name = TapMeTests;
			productName = TapMeTests;
			productReference = 7BB717171E514938009D2EF8 /* TapMeTests.xctest */;
			productType = "com.apple.product-type.bundle.unit-test";
		};
		7BB717211E514938009D2EF8 /* TapMeUITests */ = {
			isa = PBXNativeTarget;
			buildConfigurationList = 7BB717311E514938009D2EF8 /* Build configuration list for PBXNativeTarget "TapMeUITests" */;
			buildPhases = (
				183024FBE7C689347E2B54D9 /* [CP] Check Pods Manifest.lock */,
				7BB7171E1E514938009D2EF8 /* Sources */,
				7BB7171F1E514938009D2EF8 /* Frameworks */,
				7BB717201E514938009D2EF8 /* Resources */,
				666A6FFFFBD54488CEE7F844 /* [CP] Copy Pods Resources */,
			);
			buildRules = (
			);
			dependencies = (
				7BB717241E514938009D2EF8 /* PBXTargetDependency */,
			);
			name = TapMeUITests;
			productName = TapMeUITests;
			productReference = 7BB717221E514938009D2EF8 /* TapMeUITests.xctest */;
			productType = "com.apple.product-type.bundle.ui-testing";
		};
/* End PBXNativeTarget section */

/* Begin PBXProject section */
		7BB716FB1E514938009D2EF8 /* Project object */ = {
			isa = PBXProject;
			attributes = {
				LastSwiftUpdateCheck = 0820;
				LastUpgradeCheck = 0820;
				ORGANIZATIONNAME = "Ahad Sheriff";
				TargetAttributes = {
					7BB717021E514938009D2EF8 = {
						CreatedOnToolsVersion = 8.2.1;
						DevelopmentTeam = T553ZGWA3B;
						ProvisioningStyle = Automatic;
					};
					7BB717161E514938009D2EF8 = {
						CreatedOnToolsVersion = 8.2.1;
						DevelopmentTeam = T553ZGWA3B;
						ProvisioningStyle = Automatic;
						TestTargetID = 7BB717021E514938009D2EF8;
					};
					7BB717211E514938009D2EF8 = {
						CreatedOnToolsVersion = 8.2.1;
						DevelopmentTeam = T553ZGWA3B;
						ProvisioningStyle = Automatic;
						TestTargetID = 7BB717021E514938009D2EF8;
					};
				};
			};
			buildConfigurationList = 7BB716FE1E514938009D2EF8 /* Build configuration list for PBXProject "TapMe" */;
			compatibilityVersion = "Xcode 3.2";
			developmentRegion = English;
			hasScannedForEncodings = 0;
			knownRegions = (
				en,
				Base,
			);
			mainGroup = 7BB716FA1E514938009D2EF8;
			productRefGroup = 7BB717041E514938009D2EF8 /* Products */;
			projectDirPath = "";
			projectRoot = "";
			targets = (
				7BB717021E514938009D2EF8 /* TapMe */,
				7BB717161E514938009D2EF8 /* TapMeTests */,
				7BB717211E514938009D2EF8 /* TapMeUITests */,
			);
		};
/* End PBXProject section */

/* Begin PBXResourcesBuildPhase section */
		7BB717011E514938009D2EF8 /* Resources */ = {
			isa = PBXResourcesBuildPhase;
			buildActionMask = 2147483647;
			files = (
				7BFB3CF81E5A3F6C006A7C1F /* colorSpin.gif in Resources */,
				7BFB3CFF1E5A5C85006A7C1F /* GoogleService-Info.plist in Resources */,
				7BB717111E514938009D2EF8 /* LaunchScreen.storyboard in Resources */,
				7BB7170E1E514938009D2EF8 /* Assets.xcassets in Resources */,
				7BFB3CFA1E5A3F6C006A7C1F /* spinCycle.gif in Resources */,
				7BFB3CF71E5A3F6C006A7C1F /* colorBlend.gif in Resources */,
				7BFB3CFD1E5A4102006A7C1F /* fire.gif in Resources */,
				7BB7170C1E514938009D2EF8 /* Main.storyboard in Resources */,
			);
			runOnlyForDeploymentPostprocessing = 0;
		};
		7BB717151E514938009D2EF8 /* Resources */ = {
			isa = PBXResourcesBuildPhase;
			buildActionMask = 2147483647;
			files = (
				7BFB3D001E5A5C85006A7C1F /* GoogleService-Info.plist in Resources */,
			);
			runOnlyForDeploymentPostprocessing = 0;
		};
		7BB717201E514938009D2EF8 /* Resources */ = {
			isa = PBXResourcesBuildPhase;
			buildActionMask = 2147483647;
			files = (
				7BFB3D011E5A5C85006A7C1F /* GoogleService-Info.plist in Resources */,
			);
			runOnlyForDeploymentPostprocessing = 0;
		};
/* End PBXResourcesBuildPhase section */

/* Begin PBXShellScriptBuildPhase section */
		183024FBE7C689347E2B54D9 /* [CP] Check Pods Manifest.lock */ = {
			isa = PBXShellScriptBuildPhase;
			buildActionMask = 2147483647;
			files = (
			);
			inputPaths = (
			);
			name = "[CP] Check Pods Manifest.lock";
			outputPaths = (
			);
			runOnlyForDeploymentPostprocessing = 0;
			shellPath = /bin/sh;
			shellScript = "diff \"${PODS_ROOT}/../Podfile.lock\" \"${PODS_ROOT}/Manifest.lock\" > /dev/null\nif [[ $? != 0 ]] ; then\n    cat << EOM\nerror: The sandbox is not in sync with the Podfile.lock. Run 'pod install' or update your CocoaPods installation.\nEOM\n    exit 1\nfi\n";
			showEnvVarsInLog = 0;
		};
		1E68709AA32A26D008D7D370 /* [CP] Check Pods Manifest.lock */ = {
			isa = PBXShellScriptBuildPhase;
			buildActionMask = 2147483647;
			files = (
			);
			inputPaths = (
			);
			name = "[CP] Check Pods Manifest.lock";
			outputPaths = (
			);
			runOnlyForDeploymentPostprocessing = 0;
			shellPath = /bin/sh;
			shellScript = "diff \"${PODS_ROOT}/../Podfile.lock\" \"${PODS_ROOT}/Manifest.lock\" > /dev/null\nif [[ $? != 0 ]] ; then\n    cat << EOM\nerror: The sandbox is not in sync with the Podfile.lock. Run 'pod install' or update your CocoaPods installation.\nEOM\n    exit 1\nfi\n";
			showEnvVarsInLog = 0;
		};
		666A6FFFFBD54488CEE7F844 /* [CP] Copy Pods Resources */ = {
			isa = PBXShellScriptBuildPhase;
			buildActionMask = 2147483647;
			files = (
			);
			inputPaths = (
			);
			name = "[CP] Copy Pods Resources";
			outputPaths = (
			);
			runOnlyForDeploymentPostprocessing = 0;
			shellPath = /bin/sh;
			shellScript = "\"${SRCROOT}/Pods/Target Support Files/Pods-TapMeUITests/Pods-TapMeUITests-resources.sh\"\n";
			showEnvVarsInLog = 0;
		};
		7EB0612D383CB366766B034A /* [CP] Embed Pods Frameworks */ = {
			isa = PBXShellScriptBuildPhase;
			buildActionMask = 2147483647;
			files = (
			);
			inputPaths = (
			);
			name = "[CP] Embed Pods Frameworks";
			outputPaths = (
			);
			runOnlyForDeploymentPostprocessing = 0;
			shellPath = /bin/sh;
			shellScript = "\"${SRCROOT}/Pods/Target Support Files/Pods-TapMeTests/Pods-TapMeTests-frameworks.sh\"\n";
			showEnvVarsInLog = 0;
		};
		82495858E40FA550F4D4DDF1 /* [CP] Copy Pods Resources */ = {
			isa = PBXShellScriptBuildPhase;
			buildActionMask = 2147483647;
			files = (
			);
			inputPaths = (
			);
			name = "[CP] Copy Pods Resources";
			outputPaths = (
			);
			runOnlyForDeploymentPostprocessing = 0;
			shellPath = /bin/sh;
			shellScript = "\"${SRCROOT}/Pods/Target Support Files/Pods-TapMe/Pods-TapMe-resources.sh\"\n";
			showEnvVarsInLog = 0;
		};
		95ED640F1C412C099FADA0AD /* [CP] Copy Pods Resources */ = {
			isa = PBXShellScriptBuildPhase;
			buildActionMask = 2147483647;
			files = (
			);
			inputPaths = (
			);
			name = "[CP] Copy Pods Resources";
			outputPaths = (
			);
			runOnlyForDeploymentPostprocessing = 0;
			shellPath = /bin/sh;
			shellScript = "\"${SRCROOT}/Pods/Target Support Files/Pods-TapMeTests/Pods-TapMeTests-resources.sh\"\n";
			showEnvVarsInLog = 0;
		};
		A2B3C925325CF7E4153E32DC /* [CP] Check Pods Manifest.lock */ = {
			isa = PBXShellScriptBuildPhase;
			buildActionMask = 2147483647;
			files = (
			);
			inputPaths = (
			);
			name = "[CP] Check Pods Manifest.lock";
			outputPaths = (
			);
			runOnlyForDeploymentPostprocessing = 0;
			shellPath = /bin/sh;
			shellScript = "diff \"${PODS_ROOT}/../Podfile.lock\" \"${PODS_ROOT}/Manifest.lock\" > /dev/null\nif [[ $? != 0 ]] ; then\n    cat << EOM\nerror: The sandbox is not in sync with the Podfile.lock. Run 'pod install' or update your CocoaPods installation.\nEOM\n    exit 1\nfi\n";
			showEnvVarsInLog = 0;
		};
		BEA0CED9E910CAD5F76B4FB9 /* [CP] Embed Pods Frameworks */ = {
			isa = PBXShellScriptBuildPhase;
			buildActionMask = 2147483647;
			files = (
			);
			inputPaths = (
			);
			name = "[CP] Embed Pods Frameworks";
			outputPaths = (
			);
			runOnlyForDeploymentPostprocessing = 0;
			shellPath = /bin/sh;
			shellScript = "\"${SRCROOT}/Pods/Target Support Files/Pods-TapMe/Pods-TapMe-frameworks.sh\"\n";
			showEnvVarsInLog = 0;
		};
/* End PBXShellScriptBuildPhase section */

/* Begin PBXSourcesBuildPhase section */
		7BB716FF1E514938009D2EF8 /* Sources */ = {
			isa = PBXSourcesBuildPhase;
			buildActionMask = 2147483647;
			files = (
				7BFB3CEE1E5A3519006A7C1F /* LoginViewController.swift in Sources */,
				7BB717091E514938009D2EF8 /* ViewController.swift in Sources */,
				7BFB3CF01E5A3B56006A7C1F /* UIImage+Gif.swift in Sources */,
				7BB717071E514938009D2EF8 /* AppDelegate.swift in Sources */,
			);
			runOnlyForDeploymentPostprocessing = 0;
		};
		7BB717131E514938009D2EF8 /* Sources */ = {
			isa = PBXSourcesBuildPhase;
			buildActionMask = 2147483647;
			files = (
				7BB7171C1E514938009D2EF8 /* TapMeTests.swift in Sources */,
			);
			runOnlyForDeploymentPostprocessing = 0;
		};
		7BB7171E1E514938009D2EF8 /* Sources */ = {
			isa = PBXSourcesBuildPhase;
			buildActionMask = 2147483647;
			files = (
				7BB717271E514938009D2EF8 /* TapMeUITests.swift in Sources */,
			);
			runOnlyForDeploymentPostprocessing = 0;
		};
/* End PBXSourcesBuildPhase section */

/* Begin PBXTargetDependency section */
		7BB717191E514938009D2EF8 /* PBXTargetDependency */ = {
			isa = PBXTargetDependency;
			target = 7BB717021E514938009D2EF8 /* TapMe */;
			targetProxy = 7BB717181E514938009D2EF8 /* PBXContainerItemProxy */;
		};
		7BB717241E514938009D2EF8 /* PBXTargetDependency */ = {
			isa = PBXTargetDependency;
			target = 7BB717021E514938009D2EF8 /* TapMe */;
			targetProxy = 7BB717231E514938009D2EF8 /* PBXContainerItemProxy */;
		};
/* End PBXTargetDependency section */

/* Begin PBXVariantGroup section */
		7BB7170A1E514938009D2EF8 /* Main.storyboard */ = {
			isa = PBXVariantGroup;
			children = (
				7BB7170B1E514938009D2EF8 /* Base */,
			);
			name = Main.storyboard;
			sourceTree = "<group>";
		};
		7BB7170F1E514938009D2EF8 /* LaunchScreen.storyboard */ = {
			isa = PBXVariantGroup;
			children = (
				7BB717101E514938009D2EF8 /* Base */,
			);
			name = LaunchScreen.storyboard;
			sourceTree = "<group>";
		};
/* End PBXVariantGroup section */

/* Begin XCBuildConfiguration section */
		7BB717291E514938009D2EF8 /* Debug */ = {
			isa = XCBuildConfiguration;
			buildSettings = {
				ALWAYS_SEARCH_USER_PATHS = NO;
				CLANG_ANALYZER_NONNULL = YES;
				CLANG_CXX_LANGUAGE_STANDARD = "gnu++0x";
				CLANG_CXX_LIBRARY = "libc++";
				CLANG_ENABLE_MODULES = YES;
				CLANG_ENABLE_OBJC_ARC = YES;
				CLANG_WARN_BOOL_CONVERSION = YES;
				CLANG_WARN_CONSTANT_CONVERSION = YES;
				CLANG_WARN_DIRECT_OBJC_ISA_USAGE = YES_ERROR;
				CLANG_WARN_DOCUMENTATION_COMMENTS = YES;
				CLANG_WARN_EMPTY_BODY = YES;
				CLANG_WARN_ENUM_CONVERSION = YES;
				CLANG_WARN_INFINITE_RECURSION = YES;
				CLANG_WARN_INT_CONVERSION = YES;
				CLANG_WARN_OBJC_ROOT_CLASS = YES_ERROR;
				CLANG_WARN_SUSPICIOUS_MOVE = YES;
				CLANG_WARN_UNREACHABLE_CODE = YES;
				CLANG_WARN__DUPLICATE_METHOD_MATCH = YES;
				"CODE_SIGN_IDENTITY[sdk=iphoneos*]" = "iPhone Developer";
				COPY_PHASE_STRIP = NO;
				DEBUG_INFORMATION_FORMAT = dwarf;
				ENABLE_STRICT_OBJC_MSGSEND = YES;
				ENABLE_TESTABILITY = YES;
				GCC_C_LANGUAGE_STANDARD = gnu99;
				GCC_DYNAMIC_NO_PIC = NO;
				GCC_NO_COMMON_BLOCKS = YES;
				GCC_OPTIMIZATION_LEVEL = 0;
				GCC_PREPROCESSOR_DEFINITIONS = (
					"DEBUG=1",
					"$(inherited)",
				);
				GCC_WARN_64_TO_32_BIT_CONVERSION = YES;
				GCC_WARN_ABOUT_RETURN_TYPE = YES_ERROR;
				GCC_WARN_UNDECLARED_SELECTOR = YES;
				GCC_WARN_UNINITIALIZED_AUTOS = YES_AGGRESSIVE;
				GCC_WARN_UNUSED_FUNCTION = YES;
				GCC_WARN_UNUSED_VARIABLE = YES;
				IPHONEOS_DEPLOYMENT_TARGET = 10.2;
				MTL_ENABLE_DEBUG_INFO = YES;
				ONLY_ACTIVE_ARCH = YES;
				SDKROOT = iphoneos;
				SWIFT_ACTIVE_COMPILATION_CONDITIONS = DEBUG;
				SWIFT_OPTIMIZATION_LEVEL = "-Onone";
				TARGETED_DEVICE_FAMILY = "1,2";
			};
			name = Debug;
		};
		7BB7172A1E514938009D2EF8 /* Release */ = {
			isa = XCBuildConfiguration;
			buildSettings = {
				ALWAYS_SEARCH_USER_PATHS = NO;
				CLANG_ANALYZER_NONNULL = YES;
				CLANG_CXX_LANGUAGE_STANDARD = "gnu++0x";
				CLANG_CXX_LIBRARY = "libc++";
				CLANG_ENABLE_MODULES = YES;
				CLANG_ENABLE_OBJC_ARC = YES;
				CLANG_WARN_BOOL_CONVERSION = YES;
				CLANG_WARN_CONSTANT_CONVERSION = YES;
				CLANG_WARN_DIRECT_OBJC_ISA_USAGE = YES_ERROR;
				CLANG_WARN_DOCUMENTATION_COMMENTS = YES;
				CLANG_WARN_EMPTY_BODY = YES;
				CLANG_WARN_ENUM_CONVERSION = YES;
				CLANG_WARN_INFINITE_RECURSION = YES;
				CLANG_WARN_INT_CONVERSION = YES;
				CLANG_WARN_OBJC_ROOT_CLASS = YES_ERROR;
				CLANG_WARN_SUSPICIOUS_MOVE = YES;
				CLANG_WARN_UNREACHABLE_CODE = YES;
				CLANG_WARN__DUPLICATE_METHOD_MATCH = YES;
				"CODE_SIGN_IDENTITY[sdk=iphoneos*]" = "iPhone Developer";
				COPY_PHASE_STRIP = NO;
				DEBUG_INFORMATION_FORMAT = "dwarf-with-dsym";
				ENABLE_NS_ASSERTIONS = NO;
				ENABLE_STRICT_OBJC_MSGSEND = YES;
				GCC_C_LANGUAGE_STANDARD = gnu99;
				GCC_NO_COMMON_BLOCKS = YES;
				GCC_WARN_64_TO_32_BIT_CONVERSION = YES;
				GCC_WARN_ABOUT_RETURN_TYPE = YES_ERROR;
				GCC_WARN_UNDECLARED_SELECTOR = YES;
				GCC_WARN_UNINITIALIZED_AUTOS = YES_AGGRESSIVE;
				GCC_WARN_UNUSED_FUNCTION = YES;
				GCC_WARN_UNUSED_VARIABLE = YES;
				IPHONEOS_DEPLOYMENT_TARGET = 10.2;
				MTL_ENABLE_DEBUG_INFO = NO;
				SDKROOT = iphoneos;
				SWIFT_OPTIMIZATION_LEVEL = "-Owholemodule";
				TARGETED_DEVICE_FAMILY = "1,2";
				VALIDATE_PRODUCT = YES;
			};
			name = Release;
		};
		7BB7172C1E514938009D2EF8 /* Debug */ = {
			isa = XCBuildConfiguration;
			baseConfigurationReference = E18F367650EE1575B7944167 /* Pods-TapMe.debug.xcconfig */;
			buildSettings = {
				ASSETCATALOG_COMPILER_APPICON_NAME = AppIcon;
				DEVELOPMENT_TEAM = T553ZGWA3B;
				INFOPLIST_FILE = TapMe/Info.plist;
				LD_RUNPATH_SEARCH_PATHS = "$(inherited) @executable_path/Frameworks";
				PRODUCT_BUNDLE_IDENTIFIER = ahadsheriff.TapMe;
				PRODUCT_NAME = "$(TARGET_NAME)";
				SWIFT_VERSION = 3.0;
				TARGETED_DEVICE_FAMILY = 1;
			};
			name = Debug;
		};
		7BB7172D1E514938009D2EF8 /* Release */ = {
			isa = XCBuildConfiguration;
			baseConfigurationReference = EC8849986630930E5CEA06EE /* Pods-TapMe.release.xcconfig */;
			buildSettings = {
				ASSETCATALOG_COMPILER_APPICON_NAME = AppIcon;
				DEVELOPMENT_TEAM = T553ZGWA3B;
				INFOPLIST_FILE = TapMe/Info.plist;
				LD_RUNPATH_SEARCH_PATHS = "$(inherited) @executable_path/Frameworks";
				PRODUCT_BUNDLE_IDENTIFIER = ahadsheriff.TapMe;
				PRODUCT_NAME = "$(TARGET_NAME)";
				SWIFT_VERSION = 3.0;
				TARGETED_DEVICE_FAMILY = 1;
			};
			name = Release;
		};
		7BB7172F1E514938009D2EF8 /* Debug */ = {
			isa = XCBuildConfiguration;
			baseConfigurationReference = C667C68F2DB95C07ADAD0CE6 /* Pods-TapMeTests.debug.xcconfig */;
			buildSettings = {
				ALWAYS_EMBED_SWIFT_STANDARD_LIBRARIES = YES;
				BUNDLE_LOADER = "$(TEST_HOST)";
				DEVELOPMENT_TEAM = T553ZGWA3B;
				INFOPLIST_FILE = TapMeTests/Info.plist;
				LD_RUNPATH_SEARCH_PATHS = "$(inherited) @executable_path/Frameworks @loader_path/Frameworks";
				PRODUCT_BUNDLE_IDENTIFIER = ahadsheriff.TapMeTests;
				PRODUCT_NAME = "$(TARGET_NAME)";
				SWIFT_VERSION = 3.0;
				TEST_HOST = "$(BUILT_PRODUCTS_DIR)/TapMe.app/TapMe";
			};
			name = Debug;
		};
		7BB717301E514938009D2EF8 /* Release */ = {
			isa = XCBuildConfiguration;
			baseConfigurationReference = CF503794485CD6F3036A6C9E /* Pods-TapMeTests.release.xcconfig */;
			buildSettings = {
				ALWAYS_EMBED_SWIFT_STANDARD_LIBRARIES = YES;
				BUNDLE_LOADER = "$(TEST_HOST)";
				DEVELOPMENT_TEAM = T553ZGWA3B;
				INFOPLIST_FILE = TapMeTests/Info.plist;
				LD_RUNPATH_SEARCH_PATHS = "$(inherited) @executable_path/Frameworks @loader_path/Frameworks";
				PRODUCT_BUNDLE_IDENTIFIER = ahadsheriff.TapMeTests;
				PRODUCT_NAME = "$(TARGET_NAME)";
				SWIFT_VERSION = 3.0;
				TEST_HOST = "$(BUILT_PRODUCTS_DIR)/TapMe.app/TapMe";
			};
			name = Release;
		};
		7BB717321E514938009D2EF8 /* Debug */ = {
			isa = XCBuildConfiguration;
			baseConfigurationReference = F1A8DF0AE2282161E4586677 /* Pods-TapMeUITests.debug.xcconfig */;
			buildSettings = {
				ALWAYS_EMBED_SWIFT_STANDARD_LIBRARIES = YES;
				DEVELOPMENT_TEAM = T553ZGWA3B;
				INFOPLIST_FILE = TapMeUITests/Info.plist;
				LD_RUNPATH_SEARCH_PATHS = "$(inherited) @executable_path/Frameworks @loader_path/Frameworks";
				PRODUCT_BUNDLE_IDENTIFIER = ahadsheriff.TapMeUITests;
				PRODUCT_NAME = "$(TARGET_NAME)";
				SWIFT_VERSION = 3.0;
				TEST_TARGET_NAME = TapMe;
			};
			name = Debug;
		};
		7BB717331E514938009D2EF8 /* Release */ = {
			isa = XCBuildConfiguration;
			baseConfigurationReference = 5A8966ADAB58DC23E272D566 /* Pods-TapMeUITests.release.xcconfig */;
			buildSettings = {
				ALWAYS_EMBED_SWIFT_STANDARD_LIBRARIES = YES;
				DEVELOPMENT_TEAM = T553ZGWA3B;
				INFOPLIST_FILE = TapMeUITests/Info.plist;
				LD_RUNPATH_SEARCH_PATHS = "$(inherited) @executable_path/Frameworks @loader_path/Frameworks";
				PRODUCT_BUNDLE_IDENTIFIER = ahadsheriff.TapMeUITests;
				PRODUCT_NAME = "$(TARGET_NAME)";
				SWIFT_VERSION = 3.0;
				TEST_TARGET_NAME = TapMe;
			};
			name = Release;
		};
/* End XCBuildConfiguration section */

/* Begin XCConfigurationList section */
		7BB716FE1E514938009D2EF8 /* Build configuration list for PBXProject "TapMe" */ = {
			isa = XCConfigurationList;
			buildConfigurations = (
				7BB717291E514938009D2EF8 /* Debug */,
				7BB7172A1E514938009D2EF8 /* Release */,
			);
			defaultConfigurationIsVisible = 0;
			defaultConfigurationName = Release;
		};
		7BB7172B1E514938009D2EF8 /* Build configuration list for PBXNativeTarget "TapMe" */ = {
			isa = XCConfigurationList;
			buildConfigurations = (
				7BB7172C1E514938009D2EF8 /* Debug */,
				7BB7172D1E514938009D2EF8 /* Release */,
			);
			defaultConfigurationIsVisible = 0;
			defaultConfigurationName = Release;
		};
		7BB7172E1E514938009D2EF8 /* Build configuration list for PBXNativeTarget "TapMeTests" */ = {
			isa = XCConfigurationList;
			buildConfigurations = (
				7BB7172F1E514938009D2EF8 /* Debug */,
				7BB717301E514938009D2EF8 /* Release */,
			);
			defaultConfigurationIsVisible = 0;
			defaultConfigurationName = Release;
		};
		7BB717311E514938009D2EF8 /* Build configuration list for PBXNativeTarget "TapMeUITests" */ = {
			isa = XCConfigurationList;
			buildConfigurations = (
				7BB717321E514938009D2EF8 /* Debug */,
				7BB717331E514938009D2EF8 /* Release */,
			);
			defaultConfigurationIsVisible = 0;
			defaultConfigurationName = Release;
		};
/* End XCConfigurationList section */
	};
	rootObject = 7BB716FB1E514938009D2EF8 /* Project object */;
}
